<?xml version="1.0" encoding="utf-8"?>
<Project ToolsVersion="4.0" xmlns="http://schemas.microsoft.com/developer/msbuild/2003">
  <ItemGroup>
    <ClCompile Include="..\interop\external_video_track_source_interop.cpp">
      <Filter>src\interop</Filter>
    </ClCompile>
    <ClCompile Include="..\interop\global_factory.cpp">
      <Filter>src\interop</Filter>
    </ClCompile>
    <ClCompile Include="..\interop\interop_api.cpp">
      <Filter>src\interop</Filter>
    </ClCompile>
    <ClCompile Include="..\interop\local_video_track_interop.cpp">
      <Filter>src\interop</Filter>
    </ClCompile>
    <ClCompile Include="..\interop\peer_connection_interop.cpp">
      <Filter>src\interop</Filter>
    </ClCompile>
    <ClCompile Include="..\media\external_video_track_source.cpp">
      <Filter>src\media</Filter>
    </ClCompile>
    <ClCompile Include="..\media\local_video_track.cpp">
      <Filter>src\media</Filter>
    </ClCompile>
    <ClCompile Include="..\media\remote_video_track.cpp">
      <Filter>src\media</Filter>
    </ClCompile>
    <ClCompile Include="..\media\remote_audio_track.cpp">
      <Filter>src\media</Filter>
    </ClCompile>
    <ClCompile Include="..\interop\local_audio_track_interop.cpp">
      <Filter>src\interop</Filter>
    </ClCompile>
    <ClCompile Include="..\interop\remote_audio_track_interop.cpp">
      <Filter>src\interop</Filter>
    </ClCompile>
    <ClCompile Include="..\interop\remote_video_track_interop.cpp">
      <Filter>src\interop</Filter>
    </ClCompile>
    <ClCompile Include="..\media\local_audio_track.cpp">
      <Filter>src\media</Filter>
    </ClCompile>
    <ClCompile Include="..\media\media_track.cpp">
      <Filter>src\media</Filter>
    </ClCompile>
    <ClCompile Include="..\interop\transceiver_interop.cpp">
      <Filter>src\interop</Filter>
    </ClCompile>
    <ClCompile Include="..\media\transceiver.cpp">
      <Filter>src\media</Filter>
    </ClCompile>
    <ClCompile Include="..\video_frame_observer.cpp">
      <Filter>src\media</Filter>
    </ClCompile>
    <ClCompile Include="..\audio_frame_observer.cpp">
      <Filter>src\media</Filter>
    </ClCompile>
    <ClCompile Include="..\data_channel.cpp">
      <Filter>src</Filter>
    </ClCompile>
    <ClCompile Include="..\mrs_errors.cpp">
      <Filter>src</Filter>
    </ClCompile>
    <ClCompile Include="../pch.cpp">
      <Filter>src</Filter>
    </ClCompile>
    <ClCompile Include="..\peer_connection.cpp">
      <Filter>src</Filter>
    </ClCompile>
    <ClCompile Include="..\sdp_utils.cpp">
      <Filter>src</Filter>
    </ClCompile>
    <ClCompile Include="..\str.cpp">
      <Filter>src</Filter>
    </ClCompile>
    <ClCompile Include="..\tracked_object.cpp">
      <Filter>src</Filter>
    </ClCompile>
    <ClCompile Include="..\interop\data_channel_interop.cpp">
      <Filter>src\interop</Filter>
    </ClCompile>
  </ItemGroup>
  <ItemGroup>
    <ClInclude Include="..\interop\global_factory.h">
      <Filter>src\interop</Filter>
    </ClInclude>
    <ClInclude Include="..\media\external_video_track_source_impl.h">
      <Filter>src\media</Filter>
    </ClInclude>
    <ClInclude Include="..\media\external_video_track_source.h">
      <Filter>src\media</Filter>
    </ClInclude>
    <ClInclude Include="..\media\local_video_track.h">
      <Filter>src\media</Filter>
    </ClInclude>
    <ClInclude Include="..\media\remote_video_track.h">
      <Filter>src\media</Filter>
    </ClInclude>
    <ClInclude Include="..\media\media_track.h">
      <Filter>src\media</Filter>
    </ClInclude>
    <ClInclude Include="..\media\remote_audio_track.h">
      <Filter>src\media</Filter>
    </ClInclude>
    <ClInclude Include="..\media\local_audio_track.h">
      <Filter>src\media</Filter>
    </ClInclude>
    <ClInclude Include="..\..\include\transceiver_interop.h">
      <Filter>include</Filter>
    </ClInclude>
    <ClInclude Include="..\media\transceiver.h">
      <Filter>src\media</Filter>
    </ClInclude>
    <ClInclude Include="..\..\include\remote_video_track_interop.h">
      <Filter>include</Filter>
    </ClInclude>
    <ClInclude Include="..\..\include\local_audio_track_interop.h">
      <Filter>include</Filter>
    </ClInclude>
    <ClInclude Include="..\video_frame_observer.h">
      <Filter>src\media</Filter>
    </ClInclude>
    <ClInclude Include="..\audio_frame_observer.h">
      <Filter>src\media</Filter>
    </ClInclude>
    <ClInclude Include="..\..\include\export.h">
      <Filter>include</Filter>
    </ClInclude>
    <ClInclude Include="..\..\include\external_video_track_source_interop.h">
      <Filter>include</Filter>
    </ClInclude>
    <ClInclude Include="..\..\include\interop_api.h">
      <Filter>include</Filter>
    </ClInclude>
    <ClInclude Include="..\..\include\local_video_track_interop.h">
      <Filter>include</Filter>
    </ClInclude>
    <ClInclude Include="..\..\include\peer_connection_interop.h">
      <Filter>include</Filter>
    </ClInclude>
    <ClInclude Include="..\..\include\video_frame.h">
      <Filter>include</Filter>
    </ClInclude>
    <ClInclude Include="..\..\include\audio_frame.h">
      <Filter>include</Filter>
    </ClInclude>
    <ClInclude Include="..\..\include\remote_audio_track_interop.h">
      <Filter>include</Filter>
    </ClInclude>
    <ClInclude Include="..\callback.h">
      <Filter>src</Filter>
    </ClInclude>
    <ClInclude Include="..\data_channel.h">
      <Filter>src</Filter>
    </ClInclude>
    <ClInclude Include="..\mrs_errors.h">
      <Filter>src</Filter>
    </ClInclude>
    <ClInclude Include="../pch.h">
      <Filter>src</Filter>
    </ClInclude>
    <ClInclude Include="..\peer_connection.h">
      <Filter>src</Filter>
    </ClInclude>
    <ClInclude Include="..\ref_counted_base.h">
      <Filter>src</Filter>
    </ClInclude>
    <ClInclude Include="..\refptr.h">
      <Filter>src</Filter>
    </ClInclude>
    <ClInclude Include="..\..\include\result.h">
      <Filter>src</Filter>
    </ClInclude>
    <ClInclude Include="..\sdp_utils.h">
      <Filter>src</Filter>
    </ClInclude>
    <ClInclude Include="..\str.h">
      <Filter>src</Filter>
    </ClInclude>
    <ClInclude Include="..\targetver.h">
      <Filter>src</Filter>
    </ClInclude>
    <ClInclude Include="..\tracked_object.h">
      <Filter>src</Filter>
    </ClInclude>
    <ClInclude Include="..\utils.h">
      <Filter>src</Filter>
    </ClInclude>
    <ClInclude Include="..\..\include\data_channel_interop.h">
      <Filter>include</Filter>
    </ClInclude>
  </ItemGroup>
  <ItemGroup>
    <None Include="../../docs/design.md" />
    <None Include="packages.config" />
  </ItemGroup>
  <ItemGroup>
    <Filter Include="src">
      <UniqueIdentifier>{eed36cd1-e71f-4f6b-8eab-ef97af8acecf}</UniqueIdentifier>
    </Filter>
    <Filter Include="include">
      <UniqueIdentifier>{079ac0ec-1e79-4f08-9773-86b5e28f7cb0}</UniqueIdentifier>
    </Filter>
    <Filter Include="src\media">
      <UniqueIdentifier>{3716966c-d0c2-4ecc-a361-12fea77b532b}</UniqueIdentifier>
    </Filter>
    <Filter Include="src\interop">
      <UniqueIdentifier>{2c834693-8aec-4ee1-9c56-b8827db37535}</UniqueIdentifier>
    </Filter>
  </ItemGroup>
</Project>