<?xml version="1.0" encoding="utf-8"?>
<Project ToolsVersion="4.0" xmlns="http://schemas.microsoft.com/developer/msbuild/2003">
  <ItemGroup>
    <ClCompile Include="src/api.cpp" />
    <ClCompile Include="src/audio_frame_observer.cpp" />
    <ClCompile Include="src/data_channel_observer.cpp" />
    <ClCompile Include="src/pch.cpp" />
    <ClCompile Include="src/peer_connection.cpp" />
    <ClCompile Include="src/video_frame_observer.cpp" />
  </ItemGroup>
  <ItemGroup>
    <ClInclude Include="include/api.h" />
    <ClInclude Include="src/audio_frame_observer.h" />
    <ClInclude Include="src/callback.h" />
    <ClInclude Include="src/data_channel_observer.h" />
    <ClInclude Include="src/pch.h" />
    <ClInclude Include="src/peer_connection.h" />
    <ClInclude Include="src/targetver.h" />
    <ClInclude Include="src/video_frame_observer.h" />
  </ItemGroup>
  <ItemGroup>
    <None Include="docs/design.md" />
    <None Include="src/exports.def" />
    <None Include="README.md" />
  </ItemGroup>
</Project>
