
Microsoft Visual Studio Solution File, Format Version 12.00
# Visual Studio Version 16
VisualStudioVersion = 16.0.29521.150
MinimumVisualStudioVersion = 10.0.40219.1
Project("{9A19103F-16F7-4668-BE54-9A1E7A4F7556}") = "TestReceiveVideo", "TestReceiveVideo.csproj", "{9AB39A31-B89B-4FD8-B769-BC20FD79CC07}"
EndProject
Global
	GlobalSection(SolutionConfigurationPlatforms) = preSolution
		Debug|Any CPU = Debug|Any CPU
		Release|Any CPU = Release|Any CPU
	EndGlobalSection
	GlobalSection(ProjectConfigurationPlatforms) = postSolution
		{9AB39A31-B89B-4FD8-B769-BC20FD79CC07}.Debug|Any CPU.ActiveCfg = Debug|Any CPU
		{9AB39A31-B89B-4FD8-B769-BC20FD79CC07}.Debug|Any CPU.Build.0 = Debug|Any CPU
		{9AB39A31-B89B-4FD8-B769-BC20FD79CC07}.Release|Any CPU.ActiveCfg = Release|Any CPU
		{9AB39A31-B89B-4FD8-B769-BC20FD79CC07}.Release|Any CPU.Build.0 = Release|Any CPU
	EndGlobalSection
	GlobalSection(SolutionProperties) = preSolution
		HideSolutionNode = FALSE
	EndGlobalSection
	GlobalSection(ExtensibilityGlobals) = postSolution
		SolutionGuid = {C60648CF-A786-426C-8C19-BD3B80DF8584}
	EndGlobalSection
EndGlobal
