<?xml version="1.0" encoding="utf-8"?>
<Project ToolsVersion="4.0" xmlns="http://schemas.microsoft.com/developer/msbuild/2003">
  <ItemGroup>
    <ClCompile Include="..\pch.cpp" />
    <ClCompile Include="..\api.cpp">
      <Filter>interop</Filter>
    </ClCompile>
    <ClCompile Include="..\log_helpers.cpp" />
    <ClCompile Include="..\native_renderer.cpp" />
    <ClCompile Include="..\render_api.cpp" />
    <ClCompile Include="..\render_api_D3D11.cpp" />
    <ClCompile Include="..\render_api_D3D12.cpp" />
    <ClCompile Include="..\render_api_OpenGLCoreES.cpp" />
  </ItemGroup>
  <ItemGroup>
    <ClInclude Include="..\pch.h" />
    <ClInclude Include="..\video_types.h" />
    <ClInclude Include="..\Unity\IUnityGraphics.h">
      <Filter>Unity</Filter>
    </ClInclude>
    <ClInclude Include="..\Unity\IUnityGraphicsD3D9.h">
      <Filter>Unity</Filter>
    </ClInclude>
    <ClInclude Include="..\Unity\IUnityGraphicsD3D11.h">
      <Filter>Unity</Filter>
    </ClInclude>
    <ClInclude Include="..\Unity\IUnityGraphicsD3D12.h">
      <Filter>Unity</Filter>
    </ClInclude>
    <ClInclude Include="..\Unity\IUnityGraphicsMetal.h">
      <Filter>Unity</Filter>
    </ClInclude>
    <ClInclude Include="..\Unity\IUnityInterface.h">
      <Filter>Unity</Filter>
    </ClInclude>
    <ClInclude Include="..\targetver.h" />
    <ClInclude Include="..\..\include\api.h">
      <Filter>interop</Filter>
    </ClInclude>
    <ClInclude Include="..\log_helpers.h" />
    <ClInclude Include="..\native_renderer.h" />
    <ClInclude Include="..\render_api.h" />
    <ClInclude Include="..\PlatformBase.h" />
  </ItemGroup>
  <ItemGroup>
    <Filter Include="interop">
      <UniqueIdentifier>{053773c7-d9a5-4bb6-b0a1-9992f5af25c5}</UniqueIdentifier>
    </Filter>
    <Filter Include="Unity">
      <UniqueIdentifier>{477bfa31-74b1-47c7-a5c7-f4fc886eaabe}</UniqueIdentifier>
    </Filter>
  </ItemGroup>
  <ItemGroup>
    <None Include="exports.def" />
  </ItemGroup>
</Project>