<?xml version="1.0" encoding="utf-8"?>
<Project ToolsVersion="4.0" xmlns="http://schemas.microsoft.com/developer/msbuild/2003">
  <ItemGroup>
    <ClCompile Include="../pch.cpp" />
    <ClCompile Include="..\audio_frame_observer.cpp" />
    <ClCompile Include="..\data_channel.cpp" />
    <ClCompile Include="..\mrs_errors.cpp" />
    <ClCompile Include="..\peer_connection.cpp" />
    <ClCompile Include="..\sdp_utils.cpp" />
    <ClCompile Include="..\str.cpp" />
    <ClCompile Include="..\video_frame_observer.cpp" />
    <ClCompile Include="..\interop\external_video_track_source_interop.cpp">
      <Filter>interop</Filter>
    </ClCompile>
    <ClCompile Include="..\interop\global_factory.cpp">
      <Filter>interop</Filter>
    </ClCompile>
    <ClCompile Include="..\interop\interop_api.cpp">
      <Filter>interop</Filter>
    </ClCompile>
    <ClCompile Include="..\interop\local_video_track_interop.cpp">
      <Filter>interop</Filter>
    </ClCompile>
    <ClCompile Include="..\interop\peer_connection_interop.cpp">
      <Filter>interop</Filter>
    </ClCompile>
    <ClCompile Include="..\media\external_video_track_source.cpp">
      <Filter>media</Filter>
    </ClCompile>
    <ClCompile Include="..\media\local_video_track.cpp">
      <Filter>media</Filter>
    </ClCompile>
    <ClCompile Include="..\tracked_object.cpp" />
  </ItemGroup>
  <ItemGroup>
    <ClInclude Include="../pch.h" />
    <ClInclude Include="..\..\include\export.h" />
    <ClInclude Include="..\..\include\external_video_track_source_interop.h" />
    <ClInclude Include="..\..\include\interop_api.h" />
    <ClInclude Include="..\..\include\local_video_track_interop.h" />
    <ClInclude Include="..\..\include\peer_connection_interop.h" />
    <ClInclude Include="..\..\include\result.h" />
    <ClInclude Include="..\audio_frame_observer.h" />
    <ClInclude Include="..\callback.h" />
    <ClInclude Include="..\data_channel.h" />
    <ClInclude Include="..\external_video_track_source.h" />
    <ClInclude Include="..\local_video_track.h" />
    <ClInclude Include="..\mrs_errors.h" />
    <ClInclude Include="..\peer_connection.h" />
    <ClInclude Include="..\ref_counted_base.h" />
    <ClInclude Include="..\refptr.h" />
    <ClInclude Include="..\sdp_utils.h" />
    <ClInclude Include="..\str.h" />
    <ClInclude Include="..\targetver.h" />
    <ClInclude Include="..\tracked_object.h" />
    <ClInclude Include="..\video_frame_observer.h" />
    <ClInclude Include="..\interop\global_factory.h">
      <Filter>interop</Filter>
    </ClInclude>
    <ClInclude Include="..\media\external_video_track_source.h">
      <Filter>media</Filter>
    </ClInclude>
    <ClInclude Include="..\media\external_video_track_source_impl.h">
      <Filter>media</Filter>
    </ClInclude>
    <ClInclude Include="..\media\local_video_track.h">
      <Filter>media</Filter>
    </ClInclude>
    <ClInclude Include="..\utils.h" />
  </ItemGroup>
  <ItemGroup>
    <None Include="../../docs/design.md" />
    <None Include="packages.config" />
  </ItemGroup>
  <ItemGroup>
    <Filter Include="interop">
      <UniqueIdentifier>{2eda4eaf-b512-47aa-b587-45de3b17ef8e}</UniqueIdentifier>
    </Filter>
    <Filter Include="media">
      <UniqueIdentifier>{5683d251-f1a9-4d36-89cb-881b2fd36b65}</UniqueIdentifier>
    </Filter>
  </ItemGroup>
</Project>