<?xml version="1.0" encoding="utf-8"?>
<Project ToolsVersion="4.0" xmlns="http://schemas.microsoft.com/developer/msbuild/2003">
  <ItemGroup>
    <ClCompile Include="../audio_frame_observer.cpp" />
    <ClCompile Include="../pch.cpp" />
    <ClCompile Include="../peer_connection.cpp" />
    <ClCompile Include="../video_frame_observer.cpp" />
    <ClCompile Include="../sdp_utils.cpp" />
    <ClCompile Include="../api.cpp">
      <Filter>interop</Filter>
    </ClCompile>
    <ClCompile Include="../data_channel.cpp">
      <Filter>media</Filter>
    </ClCompile>
    <ClCompile Include="../str.cpp" />
  </ItemGroup>
  <ItemGroup>
    <ClInclude Include="../audio_frame_observer.h" />
    <ClInclude Include="../callback.h" />
    <ClInclude Include="../pch.h" />
    <ClInclude Include="../peer_connection.h" />
    <ClInclude Include="../targetver.h" />
    <ClInclude Include="../video_frame_observer.h" />
    <ClInclude Include="../sdp_utils.h" />
    <ClInclude Include="../../include/api.h">
      <Filter>interop</Filter>
    </ClInclude>
    <ClInclude Include="../data_channel.h">
      <Filter>media</Filter>
    </ClInclude>
    <ClInclude Include="../../include/str.h" />
    <ClInclude Include="../../include/export.h" />
  </ItemGroup>
  <ItemGroup>
    <None Include="../../docs/design.md" />
    <None Include="../exports.def" />
    <None Include="packages.config" />
  </ItemGroup>
  <ItemGroup>
    <Filter Include="interop">
      <UniqueIdentifier>{95d22db7-d9c3-4693-829c-ce75385a454b}</UniqueIdentifier>
    </Filter>
    <Filter Include="media">
      <UniqueIdentifier>{57001c36-2fbb-485c-9221-14b016526ede}</UniqueIdentifier>
    </Filter>
  </ItemGroup>
</Project>